Microsoft Visual Studio Solution File, Format Version 12.00
# Visual Studio 2012
Project("{FAE04EC0-301F-11D3-BF4B-00C04F79EFBC}") = "Dungeon Crawler", "Dungeon Crawler.csproj", "{E44B9255-660A-4A72-8ABA-67A1821769EC}"
EndProject
Global
	GlobalSection(SolutionConfigurationPlatforms) = preSolution
	Debug|Any CPU = Debug|Any CPU
	ExportDebug|Any CPU = ExportDebug|Any CPU
	ExportRelease|Any CPU = ExportRelease|Any CPU
	EndGlobalSection
	GlobalSection(ProjectConfigurationPlatforms) = postSolution
		{E44B9255-660A-4A72-8ABA-67A1821769EC}.Debug|Any CPU.ActiveCfg = Debug|Any CPU
		{E44B9255-660A-4A72-8ABA-67A1821769EC}.Debug|Any CPU.Build.0 = Debug|Any CPU
		{E44B9255-660A-4A72-8ABA-67A1821769EC}.ExportDebug|Any CPU.ActiveCfg = ExportDebug|Any CPU
		{E44B9255-660A-4A72-8ABA-67A1821769EC}.ExportDebug|Any CPU.Build.0 = ExportDebug|Any CPU
		{E44B9255-660A-4A72-8ABA-67A1821769EC}.ExportRelease|Any CPU.ActiveCfg = ExportRelease|Any CPU
		{E44B9255-660A-4A72-8ABA-67A1821769EC}.ExportRelease|Any CPU.Build.0 = ExportRelease|Any CPU
	EndGlobalSection
EndGlobal
